# This file is automatically @generated by Poetry 1.8.3 and should not be changed by hand.

[[package]]
name = "backtrader"
version = "1.9.78.123"
description = "BackTesting Engine"
optional = false
python-versions = "*"
files = [
    {file = "backtrader-1.9.78.123-py2.py3-none-any.whl", hash = "sha256:9a07a516b0de9155539a35c56e9404d8711dd7020b3d37b30495e83e1b9d5dfd"},
]

[package.extras]
plotting = ["matplotlib"]

[metadata]
lock-version = "2.0"
python-versions = "^3.12"
content-hash = "d34e9b4dddbfe4e197f1d56fc77c4e73517472d3cc1aa831659a8b21a3c21b31"
